
Microsoft Visual Studio Solution File, Format Version 12.00
# Visual Studio 15
VisualStudioVersion = 15.0.28010.2036
MinimumVisualStudioVersion = 10.0.40219.1
Project("{8BC9CEB8-8B4A-11D0-8D11-00A0C91BC942}") = "Project1", "Project1\Project1.vcxproj", "{D988B8B0-49C0-4AD7-955E-6B180C43A365}"
EndProject
Global
	GlobalSection(SolutionConfigurationPlatforms) = preSolution
		Debug|x64 = Debug|x64
		Debug|x86 = Debug|x86
		Release|x64 = Release|x64
		Release|x86 = Release|x86
	EndGlobalSection
	GlobalSection(ProjectConfigurationPlatforms) = postSolution
		{D988B8B0-49C0-4AD7-955E-6B180C43A365}.Debug|x64.ActiveCfg = Debug|x64
		{D988B8B0-49C0-4AD7-955E-6B180C43A365}.Debug|x64.Build.0 = Debug|x64
		{D988B8B0-49C0-4AD7-955E-6B180C43A365}.Debug|x86.ActiveCfg = Debug|Win32
		{D988B8B0-49C0-4AD7-955E-6B180C43A365}.Debug|x86.Build.0 = Debug|Win32
		{D988B8B0-49C0-4AD7-955E-6B180C43A365}.Release|x64.ActiveCfg = Release|x64
		{D988B8B0-49C0-4AD7-955E-6B180C43A365}.Release|x64.Build.0 = Release|x64
		{D988B8B0-49C0-4AD7-955E-6B180C43A365}.Release|x86.ActiveCfg = Release|Win32
		{D988B8B0-49C0-4AD7-955E-6B180C43A365}.Release|x86.Build.0 = Release|Win32
	EndGlobalSection
	GlobalSection(SolutionProperties) = preSolution
		HideSolutionNode = FALSE
	EndGlobalSection
	GlobalSection(ExtensibilityGlobals) = postSolution
		SolutionGuid = {CB99C5BF-3007-4D7C-B24D-8EB5DFE6DB83}
	EndGlobalSection
EndGlobal
